about-assistant
aramco-sacs-002
aramco-vs-nca
audit
cst
cst-crf
ecc-domains
ecc-vs-ccc
frameworks-index
iso-27001
iso-vs-nca
maturity
nca-ccc
nca-cscc
nca-dcc
nca-ecc
nca-osmacc
nca-overview
nca-scywf
nca-tcc
pdpl
pdpl-vs-dcc
program-starting-point
sama-bcm
sama-csf
sama-itgf
sama-overview
sama-vs-nca
sdaia
third-party
